NeoBundleLock css3-syntax-plus 5edf6abc6a7cacdf565eb6df6878df16cfd01564
NeoBundleLock neobundle.vim f5ace1d749382ab5e5a22670d57c61303a927b72
NeoBundleLock neocomplcache ffb43c82494638491406cba154a767efa947a904
NeoBundleLock neocomplcache-rsense 9b34d0016085ee0c254579bca151c3f0b632d37f
NeoBundleLock neocomplete-php.vim 68c3b3a6439c6c5cc0640260dde52eef197dd2f3
NeoBundleLock neosnippet 044c9cb8ca46a5e27eec37198990c26fe707b02a
NeoBundleLock nerdtree 3b98a7fcae8f9fff356907171f0406ff8cd28921
NeoBundleLock sudo.vim 060f0250d6f399d1cf9b15eaad3d55b3fbad4b0d
NeoBundleLock syntastic ebadf9aff53da37b80becbb1f60f473c3ccfb555
NeoBundleLock taglist.vim 53041fbc45398a9af631a20657e109707a455339
NeoBundleLock vim-gitgutter 1a7f1c5bf64726c338d82d62f9be64dcfd289a09
NeoBundleLock vim-indent-guides 184e55848de2304cabc5c03d2afe9b8fd098c58c
NeoBundleLock vim-javascript e9709a9fb29ed0739eb244b5e70211c1ab647535
NeoBundleLock vim-quickrun dbd74401b4f8450bd1717d2fd37b8199aefbec80
