NeoBundleLock css3-syntax-plus 5edf6abc6a7cacdf565eb6df6878df16cfd01564
NeoBundleLock neocomplcache d83bcbd0b142eb8de9d669ead26914cd7322a51c
NeoBundleLock neocomplcache-rsense 9b34d0016085ee0c254579bca151c3f0b632d37f
NeoBundleLock neocomplete-php.vim 68c3b3a6439c6c5cc0640260dde52eef197dd2f3
NeoBundleLock neosnippet 044c9cb8ca46a5e27eec37198990c26fe707b02a
NeoBundleLock sudo.vim 060f0250d6f399d1cf9b15eaad3d55b3fbad4b0d
NeoBundleLock syntastic 7b8526b9665173721b0453b3fe2308a69827c019
NeoBundleLock taglist.vim 53041fbc45398a9af631a20657e109707a455339
NeoBundleLock vim-indent-guides eec1b629dc4cfa3986d20f21d4b4489732cd3f5a
NeoBundleLock vim-javascript e9709a9fb29ed0739eb244b5e70211c1ab647535
